
Microsoft Visual Studio Solution File, Format Version 12.00
# Visual Studio 15
VisualStudioVersion = 15.0.28010.2050
MinimumVisualStudioVersion = 10.0.40219.1
Project("{FAE04EC0-301F-11D3-BF4B-00C04F79EFBC}") = "MyGameApp.Android", "MyGameApp\MyGameApp.Android\MyGameApp.Android.csproj", "{5789FFE1-6BC1-4532-820E-AE78F7828101}"
EndProject
Project("{FAE04EC0-301F-11D3-BF4B-00C04F79EFBC}") = "MyGameApp.iOS", "MyGameApp\MyGameApp.iOS\MyGameApp.iOS.csproj", "{52AFDE68-5E59-40B4-AD51-87384BFDFDA9}"
EndProject
Project("{FAE04EC0-301F-11D3-BF4B-00C04F79EFBC}") = "MyGameApp.UWP", "MyGameApp\MyGameApp.UWP\MyGameApp.UWP.csproj", "{5060BA19-381A-4253-98B9-D90C3C6238EA}"
EndProject
Project("{FAE04EC0-301F-11D3-BF4B-00C04F79EFBC}") = "MyGameApp", "MyGameApp\MyGameApp\MyGameApp.csproj", "{4F65383B-9AC6-4D17-82EA-062802B75A90}"
EndProject
Global
	GlobalSection(SolutionConfigurationPlatforms) = preSolution
		Ad-Hoc|Any CPU = Ad-Hoc|Any CPU
		Ad-Hoc|ARM = Ad-Hoc|ARM
		Ad-Hoc|iPhone = Ad-Hoc|iPhone
		Ad-Hoc|iPhoneSimulator = Ad-Hoc|iPhoneSimulator
		Ad-Hoc|x64 = Ad-Hoc|x64
		Ad-Hoc|x86 = Ad-Hoc|x86
		AppStore|Any CPU = AppStore|Any CPU
		AppStore|ARM = AppStore|ARM
		AppStore|iPhone = AppStore|iPhone
		AppStore|iPhoneSimulator = AppStore|iPhoneSimulator
		AppStore|x64 = AppStore|x64
		AppStore|x86 = AppStore|x86
		Debug|Any CPU = Debug|Any CPU
		Debug|ARM = Debug|ARM
		Debug|iPhone = Debug|iPhone
		Debug|iPhoneSimulator = Debug|iPhoneSimulator
		Debug|x64 = Debug|x64
		Debug|x86 = Debug|x86
		Release|Any CPU = Release|Any CPU
		Release|ARM = Release|ARM
		Release|iPhone = Release|iPhone
		Release|iPhoneSimulator = Release|iPhoneSimulator
		Release|x64 = Release|x64
		Release|x86 = Release|x86
	EndGlobalSection
	GlobalSection(ProjectConfigurationPlatforms) = postSolution
		{5789FFE1-6BC1-4532-820E-AE78F7828101}.Ad-Hoc|Any CPU.ActiveCfg = Release|Any CPU
		{5789FFE1-6BC1-4532-820E-AE78F7828101}.Ad-Hoc|Any CPU.Build.0 = Release|Any CPU
		{5789FFE1-6BC1-4532-820E-AE78F7828101}.Ad-Hoc|Any CPU.Deploy.0 = Release|Any CPU
		{5789FFE1-6BC1-4532-820E-AE78F7828101}.Ad-Hoc|ARM.ActiveCfg = Release|Any CPU
		{5789FFE1-6BC1-4532-820E-AE78F7828101}.Ad-Hoc|ARM.Build.0 = Release|Any CPU
		{5789FFE1-6BC1-4532-820E-AE78F7828101}.Ad-Hoc|ARM.Deploy.0 = Release|Any CPU
		{5789FFE1-6BC1-4532-820E-AE78F7828101}.Ad-Hoc|iPhone.ActiveCfg = Release|Any CPU
		{5789FFE1-6BC1-4532-820E-AE78F7828101}.Ad-Hoc|iPhone.Build.0 = Release|Any CPU
		{5789FFE1-6BC1-4532-820E-AE78F7828101}.Ad-Hoc|iPhone.Deploy.0 = Release|Any CPU
		{5789FFE1-6BC1-4532-820E-AE78F7828101}.Ad-Hoc|iPhoneSimulator.ActiveCfg = Release|Any CPU
		{5789FFE1-6BC1-4532-820E-AE78F7828101}.Ad-Hoc|iPhoneSimulator.Build.0 = Release|Any CPU
		{5789FFE1-6BC1-4532-820E-AE78F7828101}.Ad-Hoc|iPhoneSimulator.Deploy.0 = Release|Any CPU
		{5789FFE1-6BC1-4532-820E-AE78F7828101}.Ad-Hoc|x64.ActiveCfg = Release|Any CPU
		{5789FFE1-6BC1-4532-820E-AE78F7828101}.Ad-Hoc|x64.Build.0 = Release|Any CPU
		{5789FFE1-6BC1-4532-820E-AE78F7828101}.Ad-Hoc|x64.Deploy.0 = Release|Any CPU
		{5789FFE1-6BC1-4532-820E-AE78F7828101}.Ad-Hoc|x86.ActiveCfg = Release|Any CPU
		{5789FFE1-6BC1-4532-820E-AE78F7828101}.Ad-Hoc|x86.Build.0 = Release|Any CPU
		{5789FFE1-6BC1-4532-820E-AE78F7828101}.Ad-Hoc|x86.Deploy.0 = Release|Any CPU
		{5789FFE1-6BC1-4532-820E-AE78F7828101}.AppStore|Any CPU.ActiveCfg = Release|Any CPU
		{5789FFE1-6BC1-4532-820E-AE78F7828101}.AppStore|Any CPU.Build.0 = Release|Any CPU
		{5789FFE1-6BC1-4532-820E-AE78F7828101}.AppStore|Any CPU.Deploy.0 = Release|Any CPU
		{5789FFE1-6BC1-4532-820E-AE78F7828101}.AppStore|ARM.ActiveCfg = Release|Any CPU
		{5789FFE1-6BC1-4532-820E-AE78F7828101}.AppStore|ARM.Build.0 = Release|Any CPU
		{5789FFE1-6BC1-4532-820E-AE78F7828101}.AppStore|ARM.Deploy.0 = Release|Any CPU
		{5789FFE1-6BC1-4532-820E-AE78F7828101}.AppStore|iPhone.ActiveCfg = Release|Any CPU
		{5789FFE1-6BC1-4532-820E-AE78F7828101}.AppStore|iPhone.Build.0 = Release|Any CPU
		{5789FFE1-6BC1-4532-820E-AE78F7828101}.AppStore|iPhone.Deploy.0 = Release|Any CPU
		{5789FFE1-6BC1-4532-820E-AE78F7828101}.AppStore|iPhoneSimulator.ActiveCfg = Release|Any CPU
		{5789FFE1-6BC1-4532-820E-AE78F7828101}.AppStore|iPhoneSimulator.Build.0 = Release|Any CPU
		{5789FFE1-6BC1-4532-820E-AE78F7828101}.AppStore|iPhoneSimulator.Deploy.0 = Release|Any CPU
		{5789FFE1-6BC1-4532-820E-AE78F7828101}.AppStore|x64.ActiveCfg = Release|Any CPU
		{5789FFE1-6BC1-4532-820E-AE78F7828101}.AppStore|x64.Build.0 = Release|Any CPU
		{5789FFE1-6BC1-4532-820E-AE78F7828101}.AppStore|x64.Deploy.0 = Release|Any CPU
		{5789FFE1-6BC1-4532-820E-AE78F7828101}.AppStore|x86.ActiveCfg = Release|Any CPU
		{5789FFE1-6BC1-4532-820E-AE78F7828101}.AppStore|x86.Build.0 = Release|Any CPU
		{5789FFE1-6BC1-4532-820E-AE78F7828101}.AppStore|x86.Deploy.0 = Release|Any CPU
		{5789FFE1-6BC1-4532-820E-AE78F7828101}.Debug|Any CPU.ActiveCfg = Debug|Any CPU
		{5789FFE1-6BC1-4532-820E-AE78F7828101}.Debug|Any CPU.Build.0 = Debug|Any CPU
		{5789FFE1-6BC1-4532-820E-AE78F7828101}.Debug|Any CPU.Deploy.0 = Debug|Any CPU
		{5789FFE1-6BC1-4532-820E-AE78F7828101}.Debug|ARM.ActiveCfg = Debug|Any CPU
		{5789FFE1-6BC1-4532-820E-AE78F7828101}.Debug|ARM.Build.0 = Debug|Any CPU
		{5789FFE1-6BC1-4532-820E-AE78F7828101}.Debug|ARM.Deploy.0 = Debug|Any CPU
		{5789FFE1-6BC1-4532-820E-AE78F7828101}.Debug|iPhone.ActiveCfg = Debug|Any CPU
		{5789FFE1-6BC1-4532-820E-AE78F7828101}.Debug|iPhone.Build.0 = Debug|Any CPU
		{5789FFE1-6BC1-4532-820E-AE78F7828101}.Debug|iPhone.Deploy.0 = Debug|Any CPU
		{5789FFE1-6BC1-4532-820E-AE78F7828101}.Debug|iPhoneSimulator.ActiveCfg = Debug|Any CPU
		{5789FFE1-6BC1-4532-820E-AE78F7828101}.Debug|iPhoneSimulator.Build.0 = Debug|Any CPU
		{5789FFE1-6BC1-4532-820E-AE78F7828101}.Debug|iPhoneSimulator.Deploy.0 = Debug|Any CPU
		{5789FFE1-6BC1-4532-820E-AE78F7828101}.Debug|x64.ActiveCfg = Debug|Any CPU
		{5789FFE1-6BC1-4532-820E-AE78F7828101}.Debug|x64.Build.0 = Debug|Any CPU
		{5789FFE1-6BC1-4532-820E-AE78F7828101}.Debug|x64.Deploy.0 = Debug|Any CPU
		{5789FFE1-6BC1-4532-820E-AE78F7828101}.Debug|x86.ActiveCfg = Debug|Any CPU
		{5789FFE1-6BC1-4532-820E-AE78F7828101}.Debug|x86.Build.0 = Debug|Any CPU
		{5789FFE1-6BC1-4532-820E-AE78F7828101}.Debug|x86.Deploy.0 = Debug|Any CPU
		{5789FFE1-6BC1-4532-820E-AE78F7828101}.Release|Any CPU.ActiveCfg = Release|Any CPU
		{5789FFE1-6BC1-4532-820E-AE78F7828101}.Release|Any CPU.Build.0 = Release|Any CPU
		{5789FFE1-6BC1-4532-820E-AE78F7828101}.Release|Any CPU.Deploy.0 = Release|Any CPU
		{5789FFE1-6BC1-4532-820E-AE78F7828101}.Release|ARM.ActiveCfg = Release|Any CPU
		{5789FFE1-6BC1-4532-820E-AE78F7828101}.Release|ARM.Build.0 = Release|Any CPU
		{5789FFE1-6BC1-4532-820E-AE78F7828101}.Release|ARM.Deploy.0 = Release|Any CPU
		{5789FFE1-6BC1-4532-820E-AE78F7828101}.Release|iPhone.ActiveCfg = Release|Any CPU
		{5789FFE1-6BC1-4532-820E-AE78F7828101}.Release|iPhone.Build.0 = Release|Any CPU
		{5789FFE1-6BC1-4532-820E-AE78F7828101}.Release|iPhone.Deploy.0 = Release|Any CPU
		{5789FFE1-6BC1-4532-820E-AE78F7828101}.Release|iPhoneSimulator.ActiveCfg = Release|Any CPU
		{5789FFE1-6BC1-4532-820E-AE78F7828101}.Release|iPhoneSimulator.Build.0 = Release|Any CPU
		{5789FFE1-6BC1-4532-820E-AE78F7828101}.Release|iPhoneSimulator.Deploy.0 = Release|Any CPU
		{5789FFE1-6BC1-4532-820E-AE78F7828101}.Release|x64.ActiveCfg = Release|Any CPU
		{5789FFE1-6BC1-4532-820E-AE78F7828101}.Release|x64.Build.0 = Release|Any CPU
		{5789FFE1-6BC1-4532-820E-AE78F7828101}.Release|x64.Deploy.0 = Release|Any CPU
		{5789FFE1-6BC1-4532-820E-AE78F7828101}.Release|x86.ActiveCfg = Release|Any CPU
		{5789FFE1-6BC1-4532-820E-AE78F7828101}.Release|x86.Build.0 = Release|Any CPU
		{5789FFE1-6BC1-4532-820E-AE78F7828101}.Release|x86.Deploy.0 = Release|Any CPU
		{52AFDE68-5E59-40B4-AD51-87384BFDFDA9}.Ad-Hoc|Any CPU.ActiveCfg = Ad-Hoc|iPhone
		{52AFDE68-5E59-40B4-AD51-87384BFDFDA9}.Ad-Hoc|Any CPU.Build.0 = Ad-Hoc|iPhone
		{52AFDE68-5E59-40B4-AD51-87384BFDFDA9}.Ad-Hoc|Any CPU.Deploy.0 = Ad-Hoc|iPhone
		{52AFDE68-5E59-40B4-AD51-87384BFDFDA9}.Ad-Hoc|ARM.ActiveCfg = Ad-Hoc|iPhone
		{52AFDE68-5E59-40B4-AD51-87384BFDFDA9}.Ad-Hoc|ARM.Build.0 = Ad-Hoc|iPhone
		{52AFDE68-5E59-40B4-AD51-87384BFDFDA9}.Ad-Hoc|ARM.Deploy.0 = Ad-Hoc|iPhone
		{52AFDE68-5E59-40B4-AD51-87384BFDFDA9}.Ad-Hoc|iPhone.ActiveCfg = Ad-Hoc|iPhone
		{52AFDE68-5E59-40B4-AD51-87384BFDFDA9}.Ad-Hoc|iPhone.Build.0 = Ad-Hoc|iPhone
		{52AFDE68-5E59-40B4-AD51-87384BFDFDA9}.Ad-Hoc|iPhone.Deploy.0 = Ad-Hoc|iPhone
		{52AFDE68-5E59-40B4-AD51-87384BFDFDA9}.Ad-Hoc|iPhoneSimulator.ActiveCfg = Ad-Hoc|iPhoneSimulator
		{52AFDE68-5E59-40B4-AD51-87384BFDFDA9}.Ad-Hoc|iPhoneSimulator.Build.0 = Ad-Hoc|iPhoneSimulator
		{52AFDE68-5E59-40B4-AD51-87384BFDFDA9}.Ad-Hoc|iPhoneSimulator.Deploy.0 = Ad-Hoc|iPhoneSimulator
		{52AFDE68-5E59-40B4-AD51-87384BFDFDA9}.Ad-Hoc|x64.ActiveCfg = Ad-Hoc|iPhone
		{52AFDE68-5E59-40B4-AD51-87384BFDFDA9}.Ad-Hoc|x64.Build.0 = Ad-Hoc|iPhone
		{52AFDE68-5E59-40B4-AD51-87384BFDFDA9}.Ad-Hoc|x64.Deploy.0 = Ad-Hoc|iPhone
		{52AFDE68-5E59-40B4-AD51-87384BFDFDA9}.Ad-Hoc|x86.ActiveCfg = Ad-Hoc|iPhone
		{52AFDE68-5E59-40B4-AD51-87384BFDFDA9}.Ad-Hoc|x86.Build.0 = Ad-Hoc|iPhone
		{52AFDE68-5E59-40B4-AD51-87384BFDFDA9}.Ad-Hoc|x86.Deploy.0 = Ad-Hoc|iPhone
		{52AFDE68-5E59-40B4-AD51-87384BFDFDA9}.AppStore|Any CPU.ActiveCfg = AppStore|iPhone
		{52AFDE68-5E59-40B4-AD51-87384BFDFDA9}.AppStore|Any CPU.Build.0 = AppStore|iPhone
		{52AFDE68-5E59-40B4-AD51-87384BFDFDA9}.AppStore|Any CPU.Deploy.0 = AppStore|iPhone
		{52AFDE68-5E59-40B4-AD51-87384BFDFDA9}.AppStore|ARM.ActiveCfg = AppStore|iPhone
		{52AFDE68-5E59-40B4-AD51-87384BFDFDA9}.AppStore|ARM.Build.0 = AppStore|iPhone
		{52AFDE68-5E59-40B4-AD51-87384BFDFDA9}.AppStore|ARM.Deploy.0 = AppStore|iPhone
		{52AFDE68-5E59-40B4-AD51-87384BFDFDA9}.AppStore|iPhone.ActiveCfg = AppStore|iPhone
		{52AFDE68-5E59-40B4-AD51-87384BFDFDA9}.AppStore|iPhone.Build.0 = AppStore|iPhone
		{52AFDE68-5E59-40B4-AD51-87384BFDFDA9}.AppStore|iPhone.Deploy.0 = AppStore|iPhone
		{52AFDE68-5E59-40B4-AD51-87384BFDFDA9}.AppStore|iPhoneSimulator.ActiveCfg = AppStore|iPhoneSimulator
		{52AFDE68-5E59-40B4-AD51-87384BFDFDA9}.AppStore|iPhoneSimulator.Build.0 = AppStore|iPhoneSimulator
		{52AFDE68-5E59-40B4-AD51-87384BFDFDA9}.AppStore|iPhoneSimulator.Deploy.0 = AppStore|iPhoneSimulator
		{52AFDE68-5E59-40B4-AD51-87384BFDFDA9}.AppStore|x64.ActiveCfg = AppStore|iPhone
		{52AFDE68-5E59-40B4-AD51-87384BFDFDA9}.AppStore|x64.Build.0 = AppStore|iPhone
		{52AFDE68-5E59-40B4-AD51-87384BFDFDA9}.AppStore|x64.Deploy.0 = AppStore|iPhone
		{52AFDE68-5E59-40B4-AD51-87384BFDFDA9}.AppStore|x86.ActiveCfg = AppStore|iPhone
		{52AFDE68-5E59-40B4-AD51-87384BFDFDA9}.AppStore|x86.Build.0 = AppStore|iPhone
		{52AFDE68-5E59-40B4-AD51-87384BFDFDA9}.AppStore|x86.Deploy.0 = AppStore|iPhone
		{52AFDE68-5E59-40B4-AD51-87384BFDFDA9}.Debug|Any CPU.ActiveCfg = Debug|iPhoneSimulator
		{52AFDE68-5E59-40B4-AD51-87384BFDFDA9}.Debug|Any CPU.Build.0 = Debug|iPhoneSimulator
		{52AFDE68-5E59-40B4-AD51-87384BFDFDA9}.Debug|Any CPU.Deploy.0 = Debug|iPhoneSimulator
		{52AFDE68-5E59-40B4-AD51-87384BFDFDA9}.Debug|ARM.ActiveCfg = Debug|iPhone
		{52AFDE68-5E59-40B4-AD51-87384BFDFDA9}.Debug|ARM.Build.0 = Debug|iPhone
		{52AFDE68-5E59-40B4-AD51-87384BFDFDA9}.Debug|ARM.Deploy.0 = Debug|iPhone
		{52AFDE68-5E59-40B4-AD51-87384BFDFDA9}.Debug|iPhone.ActiveCfg = Debug|iPhone
		{52AFDE68-5E59-40B4-AD51-87384BFDFDA9}.Debug|iPhone.Build.0 = Debug|iPhone
		{52AFDE68-5E59-40B4-AD51-87384BFDFDA9}.Debug|iPhone.Deploy.0 = Debug|iPhone
		{52AFDE68-5E59-40B4-AD51-87384BFDFDA9}.Debug|iPhoneSimulator.ActiveCfg = Debug|iPhoneSimulator
		{52AFDE68-5E59-40B4-AD51-87384BFDFDA9}.Debug|iPhoneSimulator.Build.0 = Debug|iPhoneSimulator
		{52AFDE68-5E59-40B4-AD51-87384BFDFDA9}.Debug|iPhoneSimulator.Deploy.0 = Debug|iPhoneSimulator
		{52AFDE68-5E59-40B4-AD51-87384BFDFDA9}.Debug|x64.ActiveCfg = Debug|iPhone
		{52AFDE68-5E59-40B4-AD51-87384BFDFDA9}.Debug|x64.Build.0 = Debug|iPhone
		{52AFDE68-5E59-40B4-AD51-87384BFDFDA9}.Debug|x64.Deploy.0 = Debug|iPhone
		{52AFDE68-5E59-40B4-AD51-87384BFDFDA9}.Debug|x86.ActiveCfg = Debug|iPhone
		{52AFDE68-5E59-40B4-AD51-87384BFDFDA9}.Debug|x86.Build.0 = Debug|iPhone
		{52AFDE68-5E59-40B4-AD51-87384BFDFDA9}.Debug|x86.Deploy.0 = Debug|iPhone
		{52AFDE68-5E59-40B4-AD51-87384BFDFDA9}.Release|Any CPU.ActiveCfg = Release|iPhone
		{52AFDE68-5E59-40B4-AD51-87384BFDFDA9}.Release|Any CPU.Build.0 = Release|iPhone
		{52AFDE68-5E59-40B4-AD51-87384BFDFDA9}.Release|Any CPU.Deploy.0 = Release|iPhone
		{52AFDE68-5E59-40B4-AD51-87384BFDFDA9}.Release|ARM.ActiveCfg = Release|iPhone
		{52AFDE68-5E59-40B4-AD51-87384BFDFDA9}.Release|ARM.Build.0 = Release|iPhone
		{52AFDE68-5E59-40B4-AD51-87384BFDFDA9}.Release|ARM.Deploy.0 = Release|iPhone
		{52AFDE68-5E59-40B4-AD51-87384BFDFDA9}.Release|iPhone.ActiveCfg = Release|iPhone
		{52AFDE68-5E59-40B4-AD51-87384BFDFDA9}.Release|iPhone.Build.0 = Release|iPhone
		{52AFDE68-5E59-40B4-AD51-87384BFDFDA9}.Release|iPhone.Deploy.0 = Release|iPhone
		{52AFDE68-5E59-40B4-AD51-87384BFDFDA9}.Release|iPhoneSimulator.ActiveCfg = Release|iPhoneSimulator
		{52AFDE68-5E59-40B4-AD51-87384BFDFDA9}.Release|iPhoneSimulator.Build.0 = Release|iPhoneSimulator
		{52AFDE68-5E59-40B4-AD51-87384BFDFDA9}.Release|iPhoneSimulator.Deploy.0 = Release|iPhoneSimulator
		{52AFDE68-5E59-40B4-AD51-87384BFDFDA9}.Release|x64.ActiveCfg = Release|iPhone
		{52AFDE68-5E59-40B4-AD51-87384BFDFDA9}.Release|x64.Build.0 = Release|iPhone
		{52AFDE68-5E59-40B4-AD51-87384BFDFDA9}.Release|x64.Deploy.0 = Release|iPhone
		{52AFDE68-5E59-40B4-AD51-87384BFDFDA9}.Release|x86.ActiveCfg = Release|iPhone
		{52AFDE68-5E59-40B4-AD51-87384BFDFDA9}.Release|x86.Build.0 = Release|iPhone
		{52AFDE68-5E59-40B4-AD51-87384BFDFDA9}.Release|x86.Deploy.0 = Release|iPhone
		{5060BA19-381A-4253-98B9-D90C3C6238EA}.Ad-Hoc|Any CPU.ActiveCfg = Release|x86
		{5060BA19-381A-4253-98B9-D90C3C6238EA}.Ad-Hoc|Any CPU.Build.0 = Release|x86
		{5060BA19-381A-4253-98B9-D90C3C6238EA}.Ad-Hoc|Any CPU.Deploy.0 = Release|x86
		{5060BA19-381A-4253-98B9-D90C3C6238EA}.Ad-Hoc|ARM.ActiveCfg = Release|ARM
		{5060BA19-381A-4253-98B9-D90C3C6238EA}.Ad-Hoc|ARM.Build.0 = Release|ARM
		{5060BA19-381A-4253-98B9-D90C3C6238EA}.Ad-Hoc|ARM.Deploy.0 = Release|ARM
		{5060BA19-381A-4253-98B9-D90C3C6238EA}.Ad-Hoc|iPhone.ActiveCfg = Release|x86
		{5060BA19-381A-4253-98B9-D90C3C6238EA}.Ad-Hoc|iPhone.Build.0 = Release|x86
		{5060BA19-381A-4253-98B9-D90C3C6238EA}.Ad-Hoc|iPhone.Deploy.0 = Release|x86
		{5060BA19-381A-4253-98B9-D90C3C6238EA}.Ad-Hoc|iPhoneSimulator.ActiveCfg = Release|x86
		{5060BA19-381A-4253-98B9-D90C3C6238EA}.Ad-Hoc|iPhoneSimulator.Build.0 = Release|x86
		{5060BA19-381A-4253-98B9-D90C3C6238EA}.Ad-Hoc|iPhoneSimulator.Deploy.0 = Release|x86
		{5060BA19-381A-4253-98B9-D90C3C6238EA}.Ad-Hoc|x64.ActiveCfg = Release|x64
		{5060BA19-381A-4253-98B9-D90C3C6238EA}.Ad-Hoc|x64.Build.0 = Release|x64
		{5060BA19-381A-4253-98B9-D90C3C6238EA}.Ad-Hoc|x64.Deploy.0 = Release|x64
		{5060BA19-381A-4253-98B9-D90C3C6238EA}.Ad-Hoc|x86.ActiveCfg = Release|x86
		{5060BA19-381A-4253-98B9-D90C3C6238EA}.Ad-Hoc|x86.Build.0 = Release|x86
		{5060BA19-381A-4253-98B9-D90C3C6238EA}.Ad-Hoc|x86.Deploy.0 = Release|x86
		{5060BA19-381A-4253-98B9-D90C3C6238EA}.AppStore|Any CPU.ActiveCfg = Release|x86
		{5060BA19-381A-4253-98B9-D90C3C6238EA}.AppStore|Any CPU.Build.0 = Release|x86
		{5060BA19-381A-4253-98B9-D90C3C6238EA}.AppStore|Any CPU.Deploy.0 = Release|x86
		{5060BA19-381A-4253-98B9-D90C3C6238EA}.AppStore|ARM.ActiveCfg = Release|ARM
		{5060BA19-381A-4253-98B9-D90C3C6238EA}.AppStore|ARM.Build.0 = Release|ARM
		{5060BA19-381A-4253-98B9-D90C3C6238EA}.AppStore|ARM.Deploy.0 = Release|ARM
		{5060BA19-381A-4253-98B9-D90C3C6238EA}.AppStore|iPhone.ActiveCfg = Release|x86
		{5060BA19-381A-4253-98B9-D90C3C6238EA}.AppStore|iPhone.Build.0 = Release|x86
		{5060BA19-381A-4253-98B9-D90C3C6238EA}.AppStore|iPhone.Deploy.0 = Release|x86
		{5060BA19-381A-4253-98B9-D90C3C6238EA}.AppStore|iPhoneSimulator.ActiveCfg = Release|x86
		{5060BA19-381A-4253-98B9-D90C3C6238EA}.AppStore|iPhoneSimulator.Build.0 = Release|x86
		{5060BA19-381A-4253-98B9-D90C3C6238EA}.AppStore|iPhoneSimulator.Deploy.0 = Release|x86
		{5060BA19-381A-4253-98B9-D90C3C6238EA}.AppStore|x64.ActiveCfg = Release|x64
		{5060BA19-381A-4253-98B9-D90C3C6238EA}.AppStore|x64.Build.0 = Release|x64
		{5060BA19-381A-4253-98B9-D90C3C6238EA}.AppStore|x64.Deploy.0 = Release|x64
		{5060BA19-381A-4253-98B9-D90C3C6238EA}.AppStore|x86.ActiveCfg = Release|x86
		{5060BA19-381A-4253-98B9-D90C3C6238EA}.AppStore|x86.Build.0 = Release|x86
		{5060BA19-381A-4253-98B9-D90C3C6238EA}.AppStore|x86.Deploy.0 = Release|x86
		{5060BA19-381A-4253-98B9-D90C3C6238EA}.Debug|Any CPU.ActiveCfg = Debug|x86
		{5060BA19-381A-4253-98B9-D90C3C6238EA}.Debug|Any CPU.Build.0 = Debug|x86
		{5060BA19-381A-4253-98B9-D90C3C6238EA}.Debug|Any CPU.Deploy.0 = Debug|x86
		{5060BA19-381A-4253-98B9-D90C3C6238EA}.Debug|ARM.ActiveCfg = Debug|ARM
		{5060BA19-381A-4253-98B9-D90C3C6238EA}.Debug|ARM.Build.0 = Debug|ARM
		{5060BA19-381A-4253-98B9-D90C3C6238EA}.Debug|ARM.Deploy.0 = Debug|ARM
		{5060BA19-381A-4253-98B9-D90C3C6238EA}.Debug|iPhone.ActiveCfg = Debug|x86
		{5060BA19-381A-4253-98B9-D90C3C6238EA}.Debug|iPhone.Build.0 = Debug|x86
		{5060BA19-381A-4253-98B9-D90C3C6238EA}.Debug|iPhone.Deploy.0 = Debug|x86
		{5060BA19-381A-4253-98B9-D90C3C6238EA}.Debug|iPhoneSimulator.ActiveCfg = Debug|x86
		{5060BA19-381A-4253-98B9-D90C3C6238EA}.Debug|iPhoneSimulator.Build.0 = Debug|x86
		{5060BA19-381A-4253-98B9-D90C3C6238EA}.Debug|iPhoneSimulator.Deploy.0 = Debug|x86
		{5060BA19-381A-4253-98B9-D90C3C6238EA}.Debug|x64.ActiveCfg = Debug|x64
		{5060BA19-381A-4253-98B9-D90C3C6238EA}.Debug|x64.Build.0 = Debug|x64
		{5060BA19-381A-4253-98B9-D90C3C6238EA}.Debug|x64.Deploy.0 = Debug|x64
		{5060BA19-381A-4253-98B9-D90C3C6238EA}.Debug|x86.ActiveCfg = Debug|x86
		{5060BA19-381A-4253-98B9-D90C3C6238EA}.Debug|x86.Build.0 = Debug|x86
		{5060BA19-381A-4253-98B9-D90C3C6238EA}.Debug|x86.Deploy.0 = Debug|x86
		{5060BA19-381A-4253-98B9-D90C3C6238EA}.Release|Any CPU.ActiveCfg = Release|x86
		{5060BA19-381A-4253-98B9-D90C3C6238EA}.Release|Any CPU.Build.0 = Release|x86
		{5060BA19-381A-4253-98B9-D90C3C6238EA}.Release|Any CPU.Deploy.0 = Release|x86
		{5060BA19-381A-4253-98B9-D90C3C6238EA}.Release|ARM.ActiveCfg = Release|ARM
		{5060BA19-381A-4253-98B9-D90C3C6238EA}.Release|ARM.Build.0 = Release|ARM
		{5060BA19-381A-4253-98B9-D90C3C6238EA}.Release|ARM.Deploy.0 = Release|ARM
		{5060BA19-381A-4253-98B9-D90C3C6238EA}.Release|iPhone.ActiveCfg = Release|x86
		{5060BA19-381A-4253-98B9-D90C3C6238EA}.Release|iPhone.Build.0 = Release|x86
		{5060BA19-381A-4253-98B9-D90C3C6238EA}.Release|iPhone.Deploy.0 = Release|x86
		{5060BA19-381A-4253-98B9-D90C3C6238EA}.Release|iPhoneSimulator.ActiveCfg = Release|x86
		{5060BA19-381A-4253-98B9-D90C3C6238EA}.Release|iPhoneSimulator.Build.0 = Release|x86
		{5060BA19-381A-4253-98B9-D90C3C6238EA}.Release|iPhoneSimulator.Deploy.0 = Release|x86
		{5060BA19-381A-4253-98B9-D90C3C6238EA}.Release|x64.ActiveCfg = Release|x64
		{5060BA19-381A-4253-98B9-D90C3C6238EA}.Release|x64.Build.0 = Release|x64
		{5060BA19-381A-4253-98B9-D90C3C6238EA}.Release|x64.Deploy.0 = Release|x64
		{5060BA19-381A-4253-98B9-D90C3C6238EA}.Release|x86.ActiveCfg = Release|x86
		{5060BA19-381A-4253-98B9-D90C3C6238EA}.Release|x86.Build.0 = Release|x86
		{5060BA19-381A-4253-98B9-D90C3C6238EA}.Release|x86.Deploy.0 = Release|x86
		{4F65383B-9AC6-4D17-82EA-062802B75A90}.Ad-Hoc|Any CPU.ActiveCfg = Debug|Any CPU
		{4F65383B-9AC6-4D17-82EA-062802B75A90}.Ad-Hoc|Any CPU.Build.0 = Debug|Any CPU
		{4F65383B-9AC6-4D17-82EA-062802B75A90}.Ad-Hoc|Any CPU.Deploy.0 = Debug|Any CPU
		{4F65383B-9AC6-4D17-82EA-062802B75A90}.Ad-Hoc|ARM.ActiveCfg = Debug|Any CPU
		{4F65383B-9AC6-4D17-82EA-062802B75A90}.Ad-Hoc|ARM.Build.0 = Debug|Any CPU
		{4F65383B-9AC6-4D17-82EA-062802B75A90}.Ad-Hoc|ARM.Deploy.0 = Debug|Any CPU
		{4F65383B-9AC6-4D17-82EA-062802B75A90}.Ad-Hoc|iPhone.ActiveCfg = Debug|Any CPU
		{4F65383B-9AC6-4D17-82EA-062802B75A90}.Ad-Hoc|iPhone.Build.0 = Debug|Any CPU
		{4F65383B-9AC6-4D17-82EA-062802B75A90}.Ad-Hoc|iPhone.Deploy.0 = Debug|Any CPU
		{4F65383B-9AC6-4D17-82EA-062802B75A90}.Ad-Hoc|iPhoneSimulator.ActiveCfg = Debug|Any CPU
		{4F65383B-9AC6-4D17-82EA-062802B75A90}.Ad-Hoc|iPhoneSimulator.Build.0 = Debug|Any CPU
		{4F65383B-9AC6-4D17-82EA-062802B75A90}.Ad-Hoc|iPhoneSimulator.Deploy.0 = Debug|Any CPU
		{4F65383B-9AC6-4D17-82EA-062802B75A90}.Ad-Hoc|x64.ActiveCfg = Debug|Any CPU
		{4F65383B-9AC6-4D17-82EA-062802B75A90}.Ad-Hoc|x64.Build.0 = Debug|Any CPU
		{4F65383B-9AC6-4D17-82EA-062802B75A90}.Ad-Hoc|x64.Deploy.0 = Debug|Any CPU
		{4F65383B-9AC6-4D17-82EA-062802B75A90}.Ad-Hoc|x86.ActiveCfg = Debug|Any CPU
		{4F65383B-9AC6-4D17-82EA-062802B75A90}.Ad-Hoc|x86.Build.0 = Debug|Any CPU
		{4F65383B-9AC6-4D17-82EA-062802B75A90}.Ad-Hoc|x86.Deploy.0 = Debug|Any CPU
		{4F65383B-9AC6-4D17-82EA-062802B75A90}.AppStore|Any CPU.ActiveCfg = Debug|Any CPU
		{4F65383B-9AC6-4D17-82EA-062802B75A90}.AppStore|Any CPU.Build.0 = Debug|Any CPU
		{4F65383B-9AC6-4D17-82EA-062802B75A90}.AppStore|Any CPU.Deploy.0 = Debug|Any CPU
		{4F65383B-9AC6-4D17-82EA-062802B75A90}.AppStore|ARM.ActiveCfg = Debug|Any CPU
		{4F65383B-9AC6-4D17-82EA-062802B75A90}.AppStore|ARM.Build.0 = Debug|Any CPU
		{4F65383B-9AC6-4D17-82EA-062802B75A90}.AppStore|ARM.Deploy.0 = Debug|Any CPU
		{4F65383B-9AC6-4D17-82EA-062802B75A90}.AppStore|iPhone.ActiveCfg = Debug|Any CPU
		{4F65383B-9AC6-4D17-82EA-062802B75A90}.AppStore|iPhone.Build.0 = Debug|Any CPU
		{4F65383B-9AC6-4D17-82EA-062802B75A90}.AppStore|iPhone.Deploy.0 = Debug|Any CPU
		{4F65383B-9AC6-4D17-82EA-062802B75A90}.AppStore|iPhoneSimulator.ActiveCfg = Debug|Any CPU
		{4F65383B-9AC6-4D17-82EA-062802B75A90}.AppStore|iPhoneSimulator.Build.0 = Debug|Any CPU
		{4F65383B-9AC6-4D17-82EA-062802B75A90}.AppStore|iPhoneSimulator.Deploy.0 = Debug|Any CPU
		{4F65383B-9AC6-4D17-82EA-062802B75A90}.AppStore|x64.ActiveCfg = Debug|Any CPU
		{4F65383B-9AC6-4D17-82EA-062802B75A90}.AppStore|x64.Build.0 = Debug|Any CPU
		{4F65383B-9AC6-4D17-82EA-062802B75A90}.AppStore|x64.Deploy.0 = Debug|Any CPU
		{4F65383B-9AC6-4D17-82EA-062802B75A90}.AppStore|x86.ActiveCfg = Debug|Any CPU
		{4F65383B-9AC6-4D17-82EA-062802B75A90}.AppStore|x86.Build.0 = Debug|Any CPU
		{4F65383B-9AC6-4D17-82EA-062802B75A90}.AppStore|x86.Deploy.0 = Debug|Any CPU
		{4F65383B-9AC6-4D17-82EA-062802B75A90}.Debug|Any CPU.ActiveCfg = Debug|Any CPU
		{4F65383B-9AC6-4D17-82EA-062802B75A90}.Debug|Any CPU.Build.0 = Debug|Any CPU
		{4F65383B-9AC6-4D17-82EA-062802B75A90}.Debug|Any CPU.Deploy.0 = Debug|Any CPU
		{4F65383B-9AC6-4D17-82EA-062802B75A90}.Debug|ARM.ActiveCfg = Debug|Any CPU
		{4F65383B-9AC6-4D17-82EA-062802B75A90}.Debug|ARM.Build.0 = Debug|Any CPU
		{4F65383B-9AC6-4D17-82EA-062802B75A90}.Debug|ARM.Deploy.0 = Debug|Any CPU
		{4F65383B-9AC6-4D17-82EA-062802B75A90}.Debug|iPhone.ActiveCfg = Debug|Any CPU
		{4F65383B-9AC6-4D17-82EA-062802B75A90}.Debug|iPhone.Build.0 = Debug|Any CPU
		{4F65383B-9AC6-4D17-82EA-062802B75A90}.Debug|iPhone.Deploy.0 = Debug|Any CPU
		{4F65383B-9AC6-4D17-82EA-062802B75A90}.Debug|iPhoneSimulator.ActiveCfg = Debug|Any CPU
		{4F65383B-9AC6-4D17-82EA-062802B75A90}.Debug|iPhoneSimulator.Build.0 = Debug|Any CPU
		{4F65383B-9AC6-4D17-82EA-062802B75A90}.Debug|iPhoneSimulator.Deploy.0 = Debug|Any CPU
		{4F65383B-9AC6-4D17-82EA-062802B75A90}.Debug|x64.ActiveCfg = Debug|Any CPU
		{4F65383B-9AC6-4D17-82EA-062802B75A90}.Debug|x64.Build.0 = Debug|Any CPU
		{4F65383B-9AC6-4D17-82EA-062802B75A90}.Debug|x64.Deploy.0 = Debug|Any CPU
		{4F65383B-9AC6-4D17-82EA-062802B75A90}.Debug|x86.ActiveCfg = Debug|Any CPU
		{4F65383B-9AC6-4D17-82EA-062802B75A90}.Debug|x86.Build.0 = Debug|Any CPU
		{4F65383B-9AC6-4D17-82EA-062802B75A90}.Debug|x86.Deploy.0 = Debug|Any CPU
		{4F65383B-9AC6-4D17-82EA-062802B75A90}.Release|Any CPU.ActiveCfg = Release|Any CPU
		{4F65383B-9AC6-4D17-82EA-062802B75A90}.Release|Any CPU.Build.0 = Release|Any CPU
		{4F65383B-9AC6-4D17-82EA-062802B75A90}.Release|Any CPU.Deploy.0 = Release|Any CPU
		{4F65383B-9AC6-4D17-82EA-062802B75A90}.Release|ARM.ActiveCfg = Release|Any CPU
		{4F65383B-9AC6-4D17-82EA-062802B75A90}.Release|ARM.Build.0 = Release|Any CPU
		{4F65383B-9AC6-4D17-82EA-062802B75A90}.Release|ARM.Deploy.0 = Release|Any CPU
		{4F65383B-9AC6-4D17-82EA-062802B75A90}.Release|iPhone.ActiveCfg = Release|Any CPU
		{4F65383B-9AC6-4D17-82EA-062802B75A90}.Release|iPhone.Build.0 = Release|Any CPU
		{4F65383B-9AC6-4D17-82EA-062802B75A90}.Release|iPhone.Deploy.0 = Release|Any CPU
		{4F65383B-9AC6-4D17-82EA-062802B75A90}.Release|iPhoneSimulator.ActiveCfg = Release|Any CPU
		{4F65383B-9AC6-4D17-82EA-062802B75A90}.Release|iPhoneSimulator.Build.0 = Release|Any CPU
		{4F65383B-9AC6-4D17-82EA-062802B75A90}.Release|iPhoneSimulator.Deploy.0 = Release|Any CPU
		{4F65383B-9AC6-4D17-82EA-062802B75A90}.Release|x64.ActiveCfg = Release|Any CPU
		{4F65383B-9AC6-4D17-82EA-062802B75A90}.Release|x64.Build.0 = Release|Any CPU
		{4F65383B-9AC6-4D17-82EA-062802B75A90}.Release|x64.Deploy.0 = Release|Any CPU
		{4F65383B-9AC6-4D17-82EA-062802B75A90}.Release|x86.ActiveCfg = Release|Any CPU
		{4F65383B-9AC6-4D17-82EA-062802B75A90}.Release|x86.Build.0 = Release|Any CPU
		{4F65383B-9AC6-4D17-82EA-062802B75A90}.Release|x86.Deploy.0 = Release|Any CPU
	EndGlobalSection
	GlobalSection(SolutionProperties) = preSolution
		HideSolutionNode = FALSE
	EndGlobalSection
	GlobalSection(ExtensibilityGlobals) = postSolution
		SolutionGuid = {FDA95054-5694-465A-A59C-A57DFA799B4F}
	EndGlobalSection
EndGlobal
